<?xml version="1.0" encoding="Windows-1252"?>
<Project ToolsVersion="12.0" xmlns="http://schemas.microsoft.com/developer/msbuild/2003">
  <ItemGroup>
    <CustomBuild Include="D:\Demo\demo_171021\build-win64-vs2013\CMakeFiles\70b370d1d1b67958b5baa8ad89e28fc7\generate.stamp.rule">
      <Filter>CMake Rules</Filter>
    </CustomBuild>
  </ItemGroup>
  <ItemGroup>
    <Filter Include="CMake Rules">
      <UniqueIdentifier>{2E97EE25-B039-4629-BAAB-64458697E7D1}</UniqueIdentifier>
    </Filter>
  </ItemGroup>
</Project>
